
Microsoft Visual Studio Solution File, Format Version 12.00
Project("{FAE04EC0-301F-11D3-BF4B-00C04F79EFBC}") = "Week2_Homework", "Week2_Homework\Week2_Homework.csproj", "{F35CABFD-A0D2-4B80-8D4D-A87379C26285}"
EndProject
Global
	GlobalSection(SolutionConfigurationPlatforms) = preSolution
		Debug|Any CPU = Debug|Any CPU
		Release|Any CPU = Release|Any CPU
	EndGlobalSection
	GlobalSection(ProjectConfigurationPlatforms) = postSolution
		{F35CABFD-A0D2-4B80-8D4D-A87379C26285}.Debug|Any CPU.ActiveCfg = Debug|Any CPU
		{F35CABFD-A0D2-4B80-8D4D-A87379C26285}.Debug|Any CPU.Build.0 = Debug|Any CPU
		{F35CABFD-A0D2-4B80-8D4D-A87379C26285}.Release|Any CPU.ActiveCfg = Release|Any CPU
		{F35CABFD-A0D2-4B80-8D4D-A87379C26285}.Release|Any CPU.Build.0 = Release|Any CPU
	EndGlobalSection
EndGlobal
